// !$*UTF8*$!
{
	archiveVersion = 1;
	classes = {
	};
	objectVersion = 48;
	objects = {

/* Begin PBXBuildFile section */
		CE315F192031B9AC007A71C0 /* AppDelegate.swift in Sources */ = {isa = PBXBuildFile; fileRef = CE315F182031B9AC007A71C0 /* AppDelegate.swift */; };
		CE315F1B2031B9AC007A71C0 /* ViewController.swift in Sources */ = {isa = PBXBuildFile; fileRef = CE315F1A2031B9AC007A71C0 /* ViewController.swift */; };
		CE315F1E2031B9AC007A71C0 /* Main.storyboard in Resources */ = {isa = PBXBuildFile; fileRef = CE315F1C2031B9AC007A71C0 /* Main.storyboard */; };
		CE315F202031B9AC007A71C0 /* Assets.xcassets in Resources */ = {isa = PBXBuildFile; fileRef = CE315F1F2031B9AC007A71C0 /* Assets.xcassets */; };
		CE315F232031B9AC007A71C0 /* LaunchScreen.storyboard in Resources */ = {isa = PBXBuildFile; fileRef = CE315F212031B9AC007A71C0 /* LaunchScreen.storyboard */; };
		CE315F2B2031BA72007A71C0 /* LoadDealer.swift in Sources */ = {isa = PBXBuildFile; fileRef = CE315F2A2031BA72007A71C0 /* LoadDealer.swift */; };
		CE315F2D2031BBA0007A71C0 /* WeatherApi.swift in Sources */ = {isa = PBXBuildFile; fileRef = CE315F2C2031BBA0007A71C0 /* WeatherApi.swift */; };
/* End PBXBuildFile section */

/* Begin PBXFileReference section */
		CE315F152031B9AC007A71C0 /* WeatherLoader.app */ = {isa = PBXFileReference; explicitFileType = wrapper.application; includeInIndex = 0; path = WeatherLoader.app; sourceTree = BUILT_PRODUCTS_DIR; };
		CE315F182031B9AC007A71C0 /* AppDelegate.swift */ = {isa = PBXFileReference; lastKnownFileType = sourcecode.swift; path = AppDelegate.swift; sourceTree = "<group>"; };
		CE315F1A2031B9AC007A71C0 /* ViewController.swift */ = {isa = PBXFileReference; lastKnownFileType = sourcecode.swift; path = ViewController.swift; sourceTree = "<group>"; };
		CE315F1D2031B9AC007A71C0 /* Base */ = {isa = PBXFileReference; lastKnownFileType = file.storyboard; name = Base; path = Base.lproj/Main.storyboard; sourceTree = "<group>"; };
		CE315F1F2031B9AC007A71C0 /* Assets.xcassets */ = {isa = PBXFileReference; lastKnownFileType = folder.assetcatalog; path = Assets.xcassets; sourceTree = "<group>"; };
		CE315F222031B9AC007A71C0 /* Base */ = {isa = PBXFileReference; lastKnownFileType = file.storyboard; name = Base; path = Base.lproj/LaunchScreen.storyboard; sourceTree = "<group>"; };
		CE315F242031B9AC007A71C0 /* Info.plist */ = {isa = PBXFileReference; lastKnownFileType = text.plist.xml; path = Info.plist; sourceTree = "<group>"; };
		CE315F2A2031BA72007A71C0 /* LoadDealer.swift */ = {isa = PBXFileReference; lastKnownFileType = sourcecode.swift; path = LoadDealer.swift; sourceTree = "<group>"; };
		CE315F2C2031BBA0007A71C0 /* WeatherApi.swift */ = {isa = PBXFileReference; lastKnownFileType = sourcecode.swift; path = WeatherApi.swift; sourceTree = "<group>"; };
/* End PBXFileReference section */

/* Begin PBXFrameworksBuildPhase section */
		CE315F122031B9AC007A71C0 /* Frameworks */ = {
			isa = PBXFrameworksBuildPhase;
			buildActionMask = 2147483647;
			files = (
			);
			runOnlyForDeploymentPostprocessing = 0;
		};
/* End PBXFrameworksBuildPhase section */

/* Begin PBXGroup section */
		CE315F0C2031B9AC007A71C0 = {
			isa = PBXGroup;
			children = (
				CE315F172031B9AC007A71C0 /* WeatherLoader */,
				CE315F162031B9AC007A71C0 /* Products */,
			);
			sourceTree = "<group>";
		};
		CE315F162031B9AC007A71C0 /* Products */ = {
			isa = PBXGroup;
			children = (
				CE315F152031B9AC007A71C0 /* WeatherLoader.app */,
			);
			name = Products;
			sourceTree = "<group>";
		};
		CE315F172031B9AC007A71C0 /* WeatherLoader */ = {
			isa = PBXGroup;
			children = (
				CE315F182031B9AC007A71C0 /* AppDelegate.swift */,
				CE315F1A2031B9AC007A71C0 /* ViewController.swift */,
				CE315F2A2031BA72007A71C0 /* LoadDealer.swift */,
				CE315F2C2031BBA0007A71C0 /* WeatherApi.swift */,
				CE315F1C2031B9AC007A71C0 /* Main.storyboard */,
				CE315F1F2031B9AC007A71C0 /* Assets.xcassets */,
				CE315F212031B9AC007A71C0 /* LaunchScreen.storyboard */,
				CE315F242031B9AC007A71C0 /* Info.plist */,
			);
			path = WeatherLoader;
			sourceTree = "<group>";
		};
/* End PBXGroup section */

/* Begin PBXNativeTarget section */
		CE315F142031B9AC007A71C0 /* WeatherLoader */ = {
			isa = PBXNativeTarget;
			buildConfigurationList = CE315F272031B9AC007A71C0 /* Build configuration list for PBXNativeTarget "WeatherLoader" */;
			buildPhases = (
				CE315F112031B9AC007A71C0 /* Sources */,
				CE315F122031B9AC007A71C0 /* Frameworks */,
				CE315F132031B9AC007A71C0 /* Resources */,
			);
			buildRules = (
			);
			dependencies = (
			);
			name = WeatherLoader;
			productName = WeatherLoader;
			productReference = CE315F152031B9AC007A71C0 /* WeatherLoader.app */;
			productType = "com.apple.product-type.application";
		};
/* End PBXNativeTarget section */

/* Begin PBXProject section */
		CE315F0D2031B9AC007A71C0 /* Project object */ = {
			isa = PBXProject;
			attributes = {
				LastSwiftUpdateCheck = 0920;
				LastUpgradeCheck = 0920;
				ORGANIZATIONNAME = Toxa;
				TargetAttributes = {
					CE315F142031B9AC007A71C0 = {
						CreatedOnToolsVersion = 9.2;
						ProvisioningStyle = Automatic;
					};
				};
			};
			buildConfigurationList = CE315F102031B9AC007A71C0 /* Build configuration list for PBXProject "WeatherLoader" */;
			compatibilityVersion = "Xcode 8.0";
			developmentRegion = en;
			hasScannedForEncodings = 0;
			knownRegions = (
				en,
				Base,
			);
			mainGroup = CE315F0C2031B9AC007A71C0;
			productRefGroup = CE315F162031B9AC007A71C0 /* Products */;
			projectDirPath = "";
			projectRoot = "";
			targets = (
				CE315F142031B9AC007A71C0 /* WeatherLoader */,
			);
		};
/* End PBXProject section */

/* Begin PBXResourcesBuildPhase section */
		CE315F132031B9AC007A71C0 /* Resources */ = {
			isa = PBXResourcesBuildPhase;
			buildActionMask = 2147483647;
			files = (
				CE315F232031B9AC007A71C0 /* LaunchScreen.storyboard in Resources */,
				CE315F202031B9AC007A71C0 /* Assets.xcassets in Resources */,
				CE315F1E2031B9AC007A71C0 /* Main.storyboard in Resources */,
			);
			runOnlyForDeploymentPostprocessing = 0;
		};
/* End PBXResourcesBuildPhase section */

/* Begin PBXSourcesBuildPhase section */
		CE315F112031B9AC007A71C0 /* Sources */ = {
			isa = PBXSourcesBuildPhase;
			buildActionMask = 2147483647;
			files = (
				CE315F1B2031B9AC007A71C0 /* ViewController.swift in Sources */,
				CE315F2D2031BBA0007A71C0 /* WeatherApi.swift in Sources */,
				CE315F2B2031BA72007A71C0 /* LoadDealer.swift in Sources */,
				CE315F192031B9AC007A71C0 /* AppDelegate.swift in Sources */,
			);
			runOnlyForDeploymentPostprocessing = 0;
		};
/* End PBXSourcesBuildPhase section */

/* Begin PBXVariantGroup section */
		CE315F1C2031B9AC007A71C0 /* Main.storyboard */ = {
			isa = PBXVariantGroup;
			children = (
				CE315F1D2031B9AC007A71C0 /* Base */,
			);
			name = Main.storyboard;
			sourceTree = "<group>";
		};
		CE315F212031B9AC007A71C0 /* LaunchScreen.storyboard */ = {
			isa = PBXVariantGroup;
			children = (
				CE315F222031B9AC007A71C0 /* Base */,
			);
			name = LaunchScreen.storyboard;
			sourceTree = "<group>";
		};
/* End PBXVariantGroup section */

/* Begin XCBuildConfiguration section */
		CE315F252031B9AC007A71C0 /* Debug */ = {
			isa = XCBuildConfiguration;
			buildSettings = {
				ALWAYS_SEARCH_USER_PATHS = NO;
				CLANG_ANALYZER_NONNULL = YES;
				CLANG_ANALYZER_NUMBER_OBJECT_CONVERSION = YES_AGGRESSIVE;
				CLANG_CXX_LANGUAGE_STANDARD = "gnu++14";
				CLANG_CXX_LIBRARY = "libc++";
				CLANG_ENABLE_MODULES = YES;
				CLANG_ENABLE_OBJC_ARC = YES;
				CLANG_WARN_BLOCK_CAPTURE_AUTORELEASING = YES;
				CLANG_WARN_BOOL_CONVERSION = YES;
				CLANG_WARN_COMMA = YES;
				CLANG_WARN_CONSTANT_CONVERSION = YES;
				CLANG_WARN_DIRECT_OBJC_ISA_USAGE = YES_ERROR;
				CLANG_WARN_DOCUMENTATION_COMMENTS = YES;
				CLANG_WARN_EMPTY_BODY = YES;
				CLANG_WARN_ENUM_CONVERSION = YES;
				CLANG_WARN_INFINITE_RECURSION = YES;
				CLANG_WARN_INT_CONVERSION = YES;
				CLANG_WARN_NON_LITERAL_NULL_CONVERSION = YES;
				CLANG_WARN_OBJC_LITERAL_CONVERSION = YES;
				CLANG_WARN_OBJC_ROOT_CLASS = YES_ERROR;
				CLANG_WARN_RANGE_LOOP_ANALYSIS = YES;
				CLANG_WARN_STRICT_PROTOTYPES = YES;
				CLANG_WARN_SUSPICIOUS_MOVE = YES;
				CLANG_WARN_UNGUARDED_AVAILABILITY = YES_AGGRESSIVE;
				CLANG_WARN_UNREACHABLE_CODE = YES;
				CLANG_WARN__DUPLICATE_METHOD_MATCH = YES;
				CODE_SIGN_IDENTITY = "iPhone Developer";
				COPY_PHASE_STRIP = NO;
				DEBUG_INFORMATION_FORMAT = dwarf;
				ENABLE_STRICT_OBJC_MSGSEND = YES;
				ENABLE_TESTABILITY = YES;
				GCC_C_LANGUAGE_STANDARD = gnu11;
				GCC_DYNAMIC_NO_PIC = NO;
				GCC_NO_COMMON_BLOCKS = YES;
				GCC_OPTIMIZATION_LEVEL = 0;
				GCC_PREPROCESSOR_DEFINITIONS = (
					"DEBUG=1",
					"$(inherited)",
				);
				GCC_WARN_64_TO_32_BIT_CONVERSION = YES;
				GCC_WARN_ABOUT_RETURN_TYPE = YES_ERROR;
				GCC_WARN_UNDECLARED_SELECTOR = YES;
				GCC_WARN_UNINITIALIZED_AUTOS = YES_AGGRESSIVE;
				GCC_WARN_UNUSED_FUNCTION = YES;
				GCC_WARN_UNUSED_VARIABLE = YES;
				IPHONEOS_DEPLOYMENT_TARGET = 11.2;
				MTL_ENABLE_DEBUG_INFO = YES;
				ONLY_ACTIVE_ARCH = YES;
				SDKROOT = iphoneos;
				SWIFT_ACTIVE_COMPILATION_CONDITIONS = DEBUG;
				SWIFT_OPTIMIZATION_LEVEL = "-Onone";
			};
			name = Debug;
		};
		CE315F262031B9AC007A71C0 /* Release */ = {
			isa = XCBuildConfiguration;
			buildSettings = {
				ALWAYS_SEARCH_USER_PATHS = NO;
				CLANG_ANALYZER_NONNULL = YES;
				CLANG_ANALYZER_NUMBER_OBJECT_CONVERSION = YES_AGGRESSIVE;
				CLANG_CXX_LANGUAGE_STANDARD = "gnu++14";
				CLANG_CXX_LIBRARY = "libc++";
				CLANG_ENABLE_MODULES = YES;
				CLANG_ENABLE_OBJC_ARC = YES;
				CLANG_WARN_BLOCK_CAPTURE_AUTORELEASING = YES;
				CLANG_WARN_BOOL_CONVERSION = YES;
				CLANG_WARN_COMMA = YES;
				CLANG_WARN_CONSTANT_CONVERSION = YES;
				CLANG_WARN_DIRECT_OBJC_ISA_USAGE = YES_ERROR;
				CLANG_WARN_DOCUMENTATION_COMMENTS = YES;
				CLANG_WARN_EMPTY_BODY = YES;
				CLANG_WARN_ENUM_CONVERSION = YES;
				CLANG_WARN_INFINITE_RECURSION = YES;
				CLANG_WARN_INT_CONVERSION = YES;
				CLANG_WARN_NON_LITERAL_NULL_CONVERSION = YES;
				CLANG_WARN_OBJC_LITERAL_CONVERSION = YES;
				CLANG_WARN_OBJC_ROOT_CLASS = YES_ERROR;
				CLANG_WARN_RANGE_LOOP_ANALYSIS = YES;
				CLANG_WARN_STRICT_PROTOTYPES = YES;
				CLANG_WARN_SUSPICIOUS_MOVE = YES;
				CLANG_WARN_UNGUARDED_AVAILABILITY = YES_AGGRESSIVE;
				CLANG_WARN_UNREACHABLE_CODE = YES;
				CLANG_WARN__DUPLICATE_METHOD_MATCH = YES;
				CODE_SIGN_IDENTITY = "iPhone Developer";
				COPY_PHASE_STRIP = NO;
				DEBUG_INFORMATION_FORMAT = "dwarf-with-dsym";
				ENABLE_NS_ASSERTIONS = NO;
				ENABLE_STRICT_OBJC_MSGSEND = YES;
				GCC_C_LANGUAGE_STANDARD = gnu11;
				GCC_NO_COMMON_BLOCKS = YES;
				GCC_WARN_64_TO_32_BIT_CONVERSION = YES;
				GCC_WARN_ABOUT_RETURN_TYPE = YES_ERROR;
				GCC_WARN_UNDECLARED_SELECTOR = YES;
				GCC_WARN_UNINITIALIZED_AUTOS = YES_AGGRESSIVE;
				GCC_WARN_UNUSED_FUNCTION = YES;
				GCC_WARN_UNUSED_VARIABLE = YES;
				IPHONEOS_DEPLOYMENT_TARGET = 11.2;
				MTL_ENABLE_DEBUG_INFO = NO;
				SDKROOT = iphoneos;
				SWIFT_OPTIMIZATION_LEVEL = "-Owholemodule";
				VALIDATE_PRODUCT = YES;
			};
			name = Release;
		};
		CE315F282031B9AC007A71C0 /* Debug */ = {
			isa = XCBuildConfiguration;
			buildSettings = {
				ASSETCATALOG_COMPILER_APPICON_NAME = AppIcon;
				CODE_SIGN_STYLE = Automatic;
				DEVELOPMENT_TEAM = P66N2N64SN;
				INFOPLIST_FILE = WeatherLoader/Info.plist;
				LD_RUNPATH_SEARCH_PATHS = "$(inherited) @executable_path/Frameworks";
				PRODUCT_BUNDLE_IDENTIFIER = com.toxa.apps.WeatherLoader;
				PRODUCT_NAME = "$(TARGET_NAME)";
				SWIFT_VERSION = 4.0;
				TARGETED_DEVICE_FAMILY = "1,2";
			};
			name = Debug;
		};
		CE315F292031B9AC007A71C0 /* Release */ = {
			isa = XCBuildConfiguration;
			buildSettings = {
				ASSETCATALOG_COMPILER_APPICON_NAME = AppIcon;
				CODE_SIGN_STYLE = Automatic;
				DEVELOPMENT_TEAM = P66N2N64SN;
				INFOPLIST_FILE = WeatherLoader/Info.plist;
				LD_RUNPATH_SEARCH_PATHS = "$(inherited) @executable_path/Frameworks";
				PRODUCT_BUNDLE_IDENTIFIER = com.toxa.apps.WeatherLoader;
				PRODUCT_NAME = "$(TARGET_NAME)";
				SWIFT_VERSION = 4.0;
				TARGETED_DEVICE_FAMILY = "1,2";
			};
			name = Release;
		};
/* End XCBuildConfiguration section */

/* Begin XCConfigurationList section */
		CE315F102031B9AC007A71C0 /* Build configuration list for PBXProject "WeatherLoader" */ = {
			isa = XCConfigurationList;
			buildConfigurations = (
				CE315F252031B9AC007A71C0 /* Debug */,
				CE315F262031B9AC007A71C0 /* Release */,
			);
			defaultConfigurationIsVisible = 0;
			defaultConfigurationName = Release;
		};
		CE315F272031B9AC007A71C0 /* Build configuration list for PBXNativeTarget "WeatherLoader" */ = {
			isa = XCConfigurationList;
			buildConfigurations = (
				CE315F282031B9AC007A71C0 /* Debug */,
				CE315F292031B9AC007A71C0 /* Release */,
			);
			defaultConfigurationIsVisible = 0;
			defaultConfigurationName = Release;
		};
/* End XCConfigurationList section */
	};
	rootObject = CE315F0D2031B9AC007A71C0 /* Project object */;
}
